// !$*UTF8*$!
{
	archiveVersion = 1;
	classes = {
	};
	objectVersion = 46;
	objects = {

/* Begin PBXBuildFile section */
		A0E204391EDF29CA00764CFA /* AppDelegate.swift in Sources */ = {isa = PBXBuildFile; fileRef = A0E204381EDF29CA00764CFA /* AppDelegate.swift */; };
		A0E2043B1EDF29CA00764CFA /* ViewController.swift in Sources */ = {isa = PBXBuildFile; fileRef = A0E2043A1EDF29CA00764CFA /* ViewController.swift */; };
		A0E2043E1EDF29CA00764CFA /* Main.storyboard in Resources */ = {isa = PBXBuildFile; fileRef = A0E2043C1EDF29CA00764CFA /* Main.storyboard */; };
		A0E204401EDF29CA00764CFA /* Assets.xcassets in Resources */ = {isa = PBXBuildFile; fileRef = A0E2043F1EDF29CA00764CFA /* Assets.xcassets */; };
		A0E204431EDF29CA00764CFA /* LaunchScreen.storyboard in Resources */ = {isa = PBXBuildFile; fileRef = A0E204411EDF29CA00764CFA /* LaunchScreen.storyboard */; };
/* End PBXBuildFile section */

/* Begin PBXFileReference section */
		A0E204351EDF29CA00764CFA /* CustomKeyboardPOC.app */ = {isa = PBXFileReference; explicitFileType = wrapper.application; includeInIndex = 0; path = CustomKeyboardPOC.app; sourceTree = BUILT_PRODUCTS_DIR; };
		A0E204381EDF29CA00764CFA /* AppDelegate.swift */ = {isa = PBXFileReference; lastKnownFileType = sourcecode.swift; path = AppDelegate.swift; sourceTree = "<group>"; };
		A0E2043A1EDF29CA00764CFA /* ViewController.swift */ = {isa = PBXFileReference; lastKnownFileType = sourcecode.swift; path = ViewController.swift; sourceTree = "<group>"; };
		A0E2043D1EDF29CA00764CFA /* Base */ = {isa = PBXFileReference; lastKnownFileType = file.storyboard; name = Base; path = Base.lproj/Main.storyboard; sourceTree = "<group>"; };
		A0E2043F1EDF29CA00764CFA /* Assets.xcassets */ = {isa = PBXFileReference; lastKnownFileType = folder.assetcatalog; path = Assets.xcassets; sourceTree = "<group>"; };
		A0E204421EDF29CA00764CFA /* Base */ = {isa = PBXFileReference; lastKnownFileType = file.storyboard; name = Base; path = Base.lproj/LaunchScreen.storyboard; sourceTree = "<group>"; };
		A0E204441EDF29CA00764CFA /* Info.plist */ = {isa = PBXFileReference; lastKnownFileType = text.plist.xml; path = Info.plist; sourceTree = "<group>"; };
/* End PBXFileReference section */

/* Begin PBXFrameworksBuildPhase section */
		A0E204321EDF29CA00764CFA /* Frameworks */ = {
			isa = PBXFrameworksBuildPhase;
			buildActionMask = 2147483647;
			files = (
			);
			runOnlyForDeploymentPostprocessing = 0;
		};
/* End PBXFrameworksBuildPhase section */

/* Begin PBXGroup section */
		A0E2042C1EDF29CA00764CFA = {
			isa = PBXGroup;
			children = (
				A0E204371EDF29CA00764CFA /* CustomKeyboardPOC */,
				A0E204361EDF29CA00764CFA /* Products */,
			);
			sourceTree = "<group>";
		};
		A0E204361EDF29CA00764CFA /* Products */ = {
			isa = PBXGroup;
			children = (
				A0E204351EDF29CA00764CFA /* CustomKeyboardPOC.app */,
			);
			name = Products;
			sourceTree = "<group>";
		};
		A0E204371EDF29CA00764CFA /* CustomKeyboardPOC */ = {
			isa = PBXGroup;
			children = (
				A0E204381EDF29CA00764CFA /* AppDelegate.swift */,
				A0E2043A1EDF29CA00764CFA /* ViewController.swift */,
				A0E2043C1EDF29CA00764CFA /* Main.storyboard */,
				A0E2043F1EDF29CA00764CFA /* Assets.xcassets */,
				A0E204411EDF29CA00764CFA /* LaunchScreen.storyboard */,
				A0E204441EDF29CA00764CFA /* Info.plist */,
			);
			path = CustomKeyboardPOC;
			sourceTree = "<group>";
		};
/* End PBXGroup section */

/* Begin PBXNativeTarget section */
		A0E204341EDF29CA00764CFA /* CustomKeyboardPOC */ = {
			isa = PBXNativeTarget;
			buildConfigurationList = A0E204471EDF29CA00764CFA /* Build configuration list for PBXNativeTarget "CustomKeyboardPOC" */;
			buildPhases = (
				A0E204311EDF29CA00764CFA /* Sources */,
				A0E204321EDF29CA00764CFA /* Frameworks */,
				A0E204331EDF29CA00764CFA /* Resources */,
			);
			buildRules = (
			);
			dependencies = (
			);
			name = CustomKeyboardPOC;
			productName = CustomKeyboardPOC;
			productReference = A0E204351EDF29CA00764CFA /* CustomKeyboardPOC.app */;
			productType = "com.apple.product-type.application";
		};
/* End PBXNativeTarget section */

/* Begin PBXProject section */
		A0E2042D1EDF29CA00764CFA /* Project object */ = {
			isa = PBXProject;
			attributes = {
				LastSwiftUpdateCheck = 0830;
				LastUpgradeCheck = 0830;
				ORGANIZATIONNAME = Sravan;
				TargetAttributes = {
					A0E204341EDF29CA00764CFA = {
						CreatedOnToolsVersion = 8.3.2;
						ProvisioningStyle = Automatic;
					};
				};
			};
			buildConfigurationList = A0E204301EDF29CA00764CFA /* Build configuration list for PBXProject "CustomKeyboardPOC" */;
			compatibilityVersion = "Xcode 3.2";
			developmentRegion = English;
			hasScannedForEncodings = 0;
			knownRegions = (
				en,
				Base,
			);
			mainGroup = A0E2042C1EDF29CA00764CFA;
			productRefGroup = A0E204361EDF29CA00764CFA /* Products */;
			projectDirPath = "";
			projectRoot = "";
			targets = (
				A0E204341EDF29CA00764CFA /* CustomKeyboardPOC */,
			);
		};
/* End PBXProject section */

/* Begin PBXResourcesBuildPhase section */
		A0E204331EDF29CA00764CFA /* Resources */ = {
			isa = PBXResourcesBuildPhase;
			buildActionMask = 2147483647;
			files = (
				A0E204431EDF29CA00764CFA /* LaunchScreen.storyboard in Resources */,
				A0E204401EDF29CA00764CFA /* Assets.xcassets in Resources */,
				A0E2043E1EDF29CA00764CFA /* Main.storyboard in Resources */,
			);
			runOnlyForDeploymentPostprocessing = 0;
		};
/* End PBXResourcesBuildPhase section */

/* Begin PBXSourcesBuildPhase section */
		A0E204311EDF29CA00764CFA /* Sources */ = {
			isa = PBXSourcesBuildPhase;
			buildActionMask = 2147483647;
			files = (
				A0E2043B1EDF29CA00764CFA /* ViewController.swift in Sources */,
				A0E204391EDF29CA00764CFA /* AppDelegate.swift in Sources */,
			);
			runOnlyForDeploymentPostprocessing = 0;
		};
/* End PBXSourcesBuildPhase section */

/* Begin PBXVariantGroup section */
		A0E2043C1EDF29CA00764CFA /* Main.storyboard */ = {
			isa = PBXVariantGroup;
			children = (
				A0E2043D1EDF29CA00764CFA /* Base */,
			);
			name = Main.storyboard;
			sourceTree = "<group>";
		};
		A0E204411EDF29CA00764CFA /* LaunchScreen.storyboard */ = {
			isa = PBXVariantGroup;
			children = (
				A0E204421EDF29CA00764CFA /* Base */,
			);
			name = LaunchScreen.storyboard;
			sourceTree = "<group>";
		};
/* End PBXVariantGroup section */

/* Begin XCBuildConfiguration section */
		A0E204451EDF29CA00764CFA /* Debug */ = {
			isa = XCBuildConfiguration;
			buildSettings = {
				ALWAYS_SEARCH_USER_PATHS = NO;
				CLANG_ANALYZER_NONNULL = YES;
				CLANG_ANALYZER_NUMBER_OBJECT_CONVERSION = YES_AGGRESSIVE;
				CLANG_CXX_LANGUAGE_STANDARD = "gnu++0x";
				CLANG_CXX_LIBRARY = "libc++";
				CLANG_ENABLE_MODULES = YES;
				CLANG_ENABLE_OBJC_ARC = YES;
				CLANG_WARN_BOOL_CONVERSION = YES;
				CLANG_WARN_CONSTANT_CONVERSION = YES;
				CLANG_WARN_DIRECT_OBJC_ISA_USAGE = YES_ERROR;
				CLANG_WARN_DOCUMENTATION_COMMENTS = YES;
				CLANG_WARN_EMPTY_BODY = YES;
				CLANG_WARN_ENUM_CONVERSION = YES;
				CLANG_WARN_INFINITE_RECURSION = YES;
				CLANG_WARN_INT_CONVERSION = YES;
				CLANG_WARN_OBJC_ROOT_CLASS = YES_ERROR;
				CLANG_WARN_SUSPICIOUS_MOVE = YES;
				CLANG_WARN_UNREACHABLE_CODE = YES;
				CLANG_WARN__DUPLICATE_METHOD_MATCH = YES;
				"CODE_SIGN_IDENTITY[sdk=iphoneos*]" = "iPhone Developer";
				COPY_PHASE_STRIP = NO;
				DEBUG_INFORMATION_FORMAT = dwarf;
				ENABLE_STRICT_OBJC_MSGSEND = YES;
				ENABLE_TESTABILITY = YES;
				GCC_C_LANGUAGE_STANDARD = gnu99;
				GCC_DYNAMIC_NO_PIC = NO;
				GCC_NO_COMMON_BLOCKS = YES;
				GCC_OPTIMIZATION_LEVEL = 0;
				GCC_PREPROCESSOR_DEFINITIONS = (
					"DEBUG=1",
					"$(inherited)",
				);
				GCC_WARN_64_TO_32_BIT_CONVERSION = YES;
				GCC_WARN_ABOUT_RETURN_TYPE = YES_ERROR;
				GCC_WARN_UNDECLARED_SELECTOR = YES;
				GCC_WARN_UNINITIALIZED_AUTOS = YES_AGGRESSIVE;
				GCC_WARN_UNUSED_FUNCTION = YES;
				GCC_WARN_UNUSED_VARIABLE = YES;
				IPHONEOS_DEPLOYMENT_TARGET = 10.3;
				MTL_ENABLE_DEBUG_INFO = YES;
				ONLY_ACTIVE_ARCH = YES;
				SDKROOT = iphoneos;
				SWIFT_ACTIVE_COMPILATION_CONDITIONS = DEBUG;
				SWIFT_OPTIMIZATION_LEVEL = "-Onone";
				TARGETED_DEVICE_FAMILY = "1,2";
			};
			name = Debug;
		};
		A0E204461EDF29CA00764CFA /* Release */ = {
			isa = XCBuildConfiguration;
			buildSettings = {
				ALWAYS_SEARCH_USER_PATHS = NO;
				CLANG_ANALYZER_NONNULL = YES;
				CLANG_ANALYZER_NUMBER_OBJECT_CONVERSION = YES_AGGRESSIVE;
				CLANG_CXX_LANGUAGE_STANDARD = "gnu++0x";
				CLANG_CXX_LIBRARY = "libc++";
				CLANG_ENABLE_MODULES = YES;
				CLANG_ENABLE_OBJC_ARC = YES;
				CLANG_WARN_BOOL_CONVERSION = YES;
				CLANG_WARN_CONSTANT_CONVERSION = YES;
				CLANG_WARN_DIRECT_OBJC_ISA_USAGE = YES_ERROR;
				CLANG_WARN_DOCUMENTATION_COMMENTS = YES;
				CLANG_WARN_EMPTY_BODY = YES;
				CLANG_WARN_ENUM_CONVERSION = YES;
				CLANG_WARN_INFINITE_RECURSION = YES;
				CLANG_WARN_INT_CONVERSION = YES;
				CLANG_WARN_OBJC_ROOT_CLASS = YES_ERROR;
				CLANG_WARN_SUSPICIOUS_MOVE = YES;
				CLANG_WARN_UNREACHABLE_CODE = YES;
				CLANG_WARN__DUPLICATE_METHOD_MATCH = YES;
				"CODE_SIGN_IDENTITY[sdk=iphoneos*]" = "iPhone Developer";
				COPY_PHASE_STRIP = NO;
				DEBUG_INFORMATION_FORMAT = "dwarf-with-dsym";
				ENABLE_NS_ASSERTIONS = NO;
				ENABLE_STRICT_OBJC_MSGSEND = YES;
				GCC_C_LANGUAGE_STANDARD = gnu99;
				GCC_NO_COMMON_BLOCKS = YES;
				GCC_WARN_64_TO_32_BIT_CONVERSION = YES;
				GCC_WARN_ABOUT_RETURN_TYPE = YES_ERROR;
				GCC_WARN_UNDECLARED_SELECTOR = YES;
				GCC_WARN_UNINITIALIZED_AUTOS = YES_AGGRESSIVE;
				GCC_WARN_UNUSED_FUNCTION = YES;
				GCC_WARN_UNUSED_VARIABLE = YES;
				IPHONEOS_DEPLOYMENT_TARGET = 10.3;
				MTL_ENABLE_DEBUG_INFO = NO;
				SDKROOT = iphoneos;
				SWIFT_OPTIMIZATION_LEVEL = "-Owholemodule";
				TARGETED_DEVICE_FAMILY = "1,2";
				VALIDATE_PRODUCT = YES;
			};
			name = Release;
		};
		A0E204481EDF29CA00764CFA /* Debug */ = {
			isa = XCBuildConfiguration;
			buildSettings = {
				ASSETCATALOG_COMPILER_APPICON_NAME = AppIcon;
				INFOPLIST_FILE = CustomKeyboardPOC/Info.plist;
				LD_RUNPATH_SEARCH_PATHS = "$(inherited) @executable_path/Frameworks";
				PRODUCT_BUNDLE_IDENTIFIER = com.sravan.CustomKeyboardPOC;
				PRODUCT_NAME = "$(TARGET_NAME)";
				SWIFT_VERSION = 3.0;
			};
			name = Debug;
		};
		A0E204491EDF29CA00764CFA /* Release */ = {
			isa = XCBuildConfiguration;
			buildSettings = {
				ASSETCATALOG_COMPILER_APPICON_NAME = AppIcon;
				INFOPLIST_FILE = CustomKeyboardPOC/Info.plist;
				LD_RUNPATH_SEARCH_PATHS = "$(inherited) @executable_path/Frameworks";
				PRODUCT_BUNDLE_IDENTIFIER = com.sravan.CustomKeyboardPOC;
				PRODUCT_NAME = "$(TARGET_NAME)";
				SWIFT_VERSION = 3.0;
			};
			name = Release;
		};
/* End XCBuildConfiguration section */

/* Begin XCConfigurationList section */
		A0E204301EDF29CA00764CFA /* Build configuration list for PBXProject "CustomKeyboardPOC" */ = {
			isa = XCConfigurationList;
			buildConfigurations = (
				A0E204451EDF29CA00764CFA /* Debug */,
				A0E204461EDF29CA00764CFA /* Release */,
			);
			defaultConfigurationIsVisible = 0;
			defaultConfigurationName = Release;
		};
		A0E204471EDF29CA00764CFA /* Build configuration list for PBXNativeTarget "CustomKeyboardPOC" */ = {
			isa = XCConfigurationList;
			buildConfigurations = (
				A0E204481EDF29CA00764CFA /* Debug */,
				A0E204491EDF29CA00764CFA /* Release */,
			);
			defaultConfigurationIsVisible = 0;
		};
/* End XCConfigurationList section */
	};
	rootObject = A0E2042D1EDF29CA00764CFA /* Project object */;
}
